// !$*UTF8*$!
{
	archiveVersion = 1;
	classes = {
	};
	objectVersion = 50;
	objects = {

/* Begin PBXBuildFile section */
		A057D76422249E5700B6D796 /* AppDelegate.swift in Sources */ = {isa = PBXBuildFile; fileRef = A057D76322249E5700B6D796 /* AppDelegate.swift */; };
		A057D76622249E5700B6D796 /* ViewController.swift in Sources */ = {isa = PBXBuildFile; fileRef = A057D76522249E5700B6D796 /* ViewController.swift */; };
		A057D76922249E5700B6D796 /* Main.storyboard in Resources */ = {isa = PBXBuildFile; fileRef = A057D76722249E5700B6D796 /* Main.storyboard */; };
		A057D76B22249E5B00B6D796 /* Assets.xcassets in Resources */ = {isa = PBXBuildFile; fileRef = A057D76A22249E5B00B6D796 /* Assets.xcassets */; };
		A057D76E22249E5B00B6D796 /* LaunchScreen.storyboard in Resources */ = {isa = PBXBuildFile; fileRef = A057D76C22249E5B00B6D796 /* LaunchScreen.storyboard */; };
		A057D77922249E5C00B6D796 /* parstagramTests.swift in Sources */ = {isa = PBXBuildFile; fileRef = A057D77822249E5C00B6D796 /* parstagramTests.swift */; };
		A057D78422249E5C00B6D796 /* parstagramUITests.swift in Sources */ = {isa = PBXBuildFile; fileRef = A057D78322249E5C00B6D796 /* parstagramUITests.swift */; };
/* End PBXBuildFile section */

/* Begin PBXContainerItemProxy section */
		A057D77522249E5C00B6D796 /* PBXContainerItemProxy */ = {
			isa = PBXContainerItemProxy;
			containerPortal = A057D75822249E5700B6D796 /* Project object */;
			proxyType = 1;
			remoteGlobalIDString = A057D75F22249E5700B6D796;
			remoteInfo = parstagram;
		};
		A057D78022249E5C00B6D796 /* PBXContainerItemProxy */ = {
			isa = PBXContainerItemProxy;
			containerPortal = A057D75822249E5700B6D796 /* Project object */;
			proxyType = 1;
			remoteGlobalIDString = A057D75F22249E5700B6D796;
			remoteInfo = parstagram;
		};
/* End PBXContainerItemProxy section */

/* Begin PBXFileReference section */
		A057D76022249E5700B6D796 /* parstagram.app */ = {isa = PBXFileReference; explicitFileType = wrapper.application; includeInIndex = 0; path = parstagram.app; sourceTree = BUILT_PRODUCTS_DIR; };
		A057D76322249E5700B6D796 /* AppDelegate.swift */ = {isa = PBXFileReference; lastKnownFileType = sourcecode.swift; path = AppDelegate.swift; sourceTree = "<group>"; };
		A057D76522249E5700B6D796 /* ViewController.swift */ = {isa = PBXFileReference; lastKnownFileType = sourcecode.swift; path = ViewController.swift; sourceTree = "<group>"; };
		A057D76822249E5700B6D796 /* Base */ = {isa = PBXFileReference; lastKnownFileType = file.storyboard; name = Base; path = Base.lproj/Main.storyboard; sourceTree = "<group>"; };
		A057D76A22249E5B00B6D796 /* Assets.xcassets */ = {isa = PBXFileReference; lastKnownFileType = folder.assetcatalog; path = Assets.xcassets; sourceTree = "<group>"; };
		A057D76D22249E5B00B6D796 /* Base */ = {isa = PBXFileReference; lastKnownFileType = file.storyboard; name = Base; path = Base.lproj/LaunchScreen.storyboard; sourceTree = "<group>"; };
		A057D76F22249E5B00B6D796 /* Info.plist */ = {isa = PBXFileReference; lastKnownFileType = text.plist.xml; path = Info.plist; sourceTree = "<group>"; };
		A057D77422249E5C00B6D796 /* parstagramTests.xctest */ = {isa = PBXFileReference; explicitFileType = wrapper.cfbundle; includeInIndex = 0; path = parstagramTests.xctest; sourceTree = BUILT_PRODUCTS_DIR; };
		A057D77822249E5C00B6D796 /* parstagramTests.swift */ = {isa = PBXFileReference; lastKnownFileType = sourcecode.swift; path = parstagramTests.swift; sourceTree = "<group>"; };
		A057D77A22249E5C00B6D796 /* Info.plist */ = {isa = PBXFileReference; lastKnownFileType = text.plist.xml; path = Info.plist; sourceTree = "<group>"; };
		A057D77F22249E5C00B6D796 /* parstagramUITests.xctest */ = {isa = PBXFileReference; explicitFileType = wrapper.cfbundle; includeInIndex = 0; path = parstagramUITests.xctest; sourceTree = BUILT_PRODUCTS_DIR; };
		A057D78322249E5C00B6D796 /* parstagramUITests.swift */ = {isa = PBXFileReference; lastKnownFileType = sourcecode.swift; path = parstagramUITests.swift; sourceTree = "<group>"; };
		A057D78522249E5C00B6D796 /* Info.plist */ = {isa = PBXFileReference; lastKnownFileType = text.plist.xml; path = Info.plist; sourceTree = "<group>"; };
/* End PBXFileReference section */

/* Begin PBXFrameworksBuildPhase section */
		A057D75D22249E5700B6D796 /* Frameworks */ = {
			isa = PBXFrameworksBuildPhase;
			buildActionMask = 2147483647;
			files = (
			);
			runOnlyForDeploymentPostprocessing = 0;
		};
		A057D77122249E5C00B6D796 /* Frameworks */ = {
			isa = PBXFrameworksBuildPhase;
			buildActionMask = 2147483647;
			files = (
			);
			runOnlyForDeploymentPostprocessing = 0;
		};
		A057D77C22249E5C00B6D796 /* Frameworks */ = {
			isa = PBXFrameworksBuildPhase;
			buildActionMask = 2147483647;
			files = (
			);
			runOnlyForDeploymentPostprocessing = 0;
		};
/* End PBXFrameworksBuildPhase section */

/* Begin PBXGroup section */
		A057D75722249E5600B6D796 = {
			isa = PBXGroup;
			children = (
				A057D76222249E5700B6D796 /* parstagram */,
				A057D77722249E5C00B6D796 /* parstagramTests */,
				A057D78222249E5C00B6D796 /* parstagramUITests */,
				A057D76122249E5700B6D796 /* Products */,
			);
			sourceTree = "<group>";
		};
		A057D76122249E5700B6D796 /* Products */ = {
			isa = PBXGroup;
			children = (
				A057D76022249E5700B6D796 /* parstagram.app */,
				A057D77422249E5C00B6D796 /* parstagramTests.xctest */,
				A057D77F22249E5C00B6D796 /* parstagramUITests.xctest */,
			);
			name = Products;
			sourceTree = "<group>";
		};
		A057D76222249E5700B6D796 /* parstagram */ = {
			isa = PBXGroup;
			children = (
				A057D76322249E5700B6D796 /* AppDelegate.swift */,
				A057D76522249E5700B6D796 /* ViewController.swift */,
				A057D76722249E5700B6D796 /* Main.storyboard */,
				A057D76A22249E5B00B6D796 /* Assets.xcassets */,
				A057D76C22249E5B00B6D796 /* LaunchScreen.storyboard */,
				A057D76F22249E5B00B6D796 /* Info.plist */,
			);
			path = parstagram;
			sourceTree = "<group>";
		};
		A057D77722249E5C00B6D796 /* parstagramTests */ = {
			isa = PBXGroup;
			children = (
				A057D77822249E5C00B6D796 /* parstagramTests.swift */,
				A057D77A22249E5C00B6D796 /* Info.plist */,
			);
			path = parstagramTests;
			sourceTree = "<group>";
		};
		A057D78222249E5C00B6D796 /* parstagramUITests */ = {
			isa = PBXGroup;
			children = (
				A057D78322249E5C00B6D796 /* parstagramUITests.swift */,
				A057D78522249E5C00B6D796 /* Info.plist */,
			);
			path = parstagramUITests;
			sourceTree = "<group>";
		};
/* End PBXGroup section */

/* Begin PBXNativeTarget section */
		A057D75F22249E5700B6D796 /* parstagram */ = {
			isa = PBXNativeTarget;
			buildConfigurationList = A057D78822249E5C00B6D796 /* Build configuration list for PBXNativeTarget "parstagram" */;
			buildPhases = (
				A057D75C22249E5700B6D796 /* Sources */,
				A057D75D22249E5700B6D796 /* Frameworks */,
				A057D75E22249E5700B6D796 /* Resources */,
			);
			buildRules = (
			);
			dependencies = (
			);
			name = parstagram;
			productName = parstagram;
			productReference = A057D76022249E5700B6D796 /* parstagram.app */;
			productType = "com.apple.product-type.application";
		};
		A057D77322249E5C00B6D796 /* parstagramTests */ = {
			isa = PBXNativeTarget;
			buildConfigurationList = A057D78B22249E5C00B6D796 /* Build configuration list for PBXNativeTarget "parstagramTests" */;
			buildPhases = (
				A057D77022249E5C00B6D796 /* Sources */,
				A057D77122249E5C00B6D796 /* Frameworks */,
				A057D77222249E5C00B6D796 /* Resources */,
			);
			buildRules = (
			);
			dependencies = (
				A057D77622249E5C00B6D796 /* PBXTargetDependency */,
			);
			name = parstagramTests;
			productName = parstagramTests;
			productReference = A057D77422249E5C00B6D796 /* parstagramTests.xctest */;
			productType = "com.apple.product-type.bundle.unit-test";
		};
		A057D77E22249E5C00B6D796 /* parstagramUITests */ = {
			isa = PBXNativeTarget;
			buildConfigurationList = A057D78E22249E5C00B6D796 /* Build configuration list for PBXNativeTarget "parstagramUITests" */;
			buildPhases = (
				A057D77B22249E5C00B6D796 /* Sources */,
				A057D77C22249E5C00B6D796 /* Frameworks */,
				A057D77D22249E5C00B6D796 /* Resources */,
			);
			buildRules = (
			);
			dependencies = (
				A057D78122249E5C00B6D796 /* PBXTargetDependency */,
			);
			name = parstagramUITests;
			productName = parstagramUITests;
			productReference = A057D77F22249E5C00B6D796 /* parstagramUITests.xctest */;
			productType = "com.apple.product-type.bundle.ui-testing";
		};
/* End PBXNativeTarget section */

/* Begin PBXProject section */
		A057D75822249E5700B6D796 /* Project object */ = {
			isa = PBXProject;
			attributes = {
				LastSwiftUpdateCheck = 1010;
				LastUpgradeCheck = 1010;
				ORGANIZATIONNAME = alexis;
				TargetAttributes = {
					A057D75F22249E5700B6D796 = {
						CreatedOnToolsVersion = 10.1;
					};
					A057D77322249E5C00B6D796 = {
						CreatedOnToolsVersion = 10.1;
						TestTargetID = A057D75F22249E5700B6D796;
					};
					A057D77E22249E5C00B6D796 = {
						CreatedOnToolsVersion = 10.1;
						TestTargetID = A057D75F22249E5700B6D796;
					};
				};
			};
			buildConfigurationList = A057D75B22249E5700B6D796 /* Build configuration list for PBXProject "parstagram" */;
			compatibilityVersion = "Xcode 9.3";
			developmentRegion = en;
			hasScannedForEncodings = 0;
			knownRegions = (
				en,
				Base,
			);
			mainGroup = A057D75722249E5600B6D796;
			productRefGroup = A057D76122249E5700B6D796 /* Products */;
			projectDirPath = "";
			projectRoot = "";
			targets = (
				A057D75F22249E5700B6D796 /* parstagram */,
				A057D77322249E5C00B6D796 /* parstagramTests */,
				A057D77E22249E5C00B6D796 /* parstagramUITests */,
			);
		};
/* End PBXProject section */

/* Begin PBXResourcesBuildPhase section */
		A057D75E22249E5700B6D796 /* Resources */ = {
			isa = PBXResourcesBuildPhase;
			buildActionMask = 2147483647;
			files = (
				A057D76E22249E5B00B6D796 /* LaunchScreen.storyboard in Resources */,
				A057D76B22249E5B00B6D796 /* Assets.xcassets in Resources */,
				A057D76922249E5700B6D796 /* Main.storyboard in Resources */,
			);
			runOnlyForDeploymentPostprocessing = 0;
		};
		A057D77222249E5C00B6D796 /* Resources */ = {
			isa = PBXResourcesBuildPhase;
			buildActionMask = 2147483647;
			files = (
			);
			runOnlyForDeploymentPostprocessing = 0;
		};
		A057D77D22249E5C00B6D796 /* Resources */ = {
			isa = PBXResourcesBuildPhase;
			buildActionMask = 2147483647;
			files = (
			);
			runOnlyForDeploymentPostprocessing = 0;
		};
/* End PBXResourcesBuildPhase section */

/* Begin PBXSourcesBuildPhase section */
		A057D75C22249E5700B6D796 /* Sources */ = {
			isa = PBXSourcesBuildPhase;
			buildActionMask = 2147483647;
			files = (
				A057D76622249E5700B6D796 /* ViewController.swift in Sources */,
				A057D76422249E5700B6D796 /* AppDelegate.swift in Sources */,
			);
			runOnlyForDeploymentPostprocessing = 0;
		};
		A057D77022249E5C00B6D796 /* Sources */ = {
			isa = PBXSourcesBuildPhase;
			buildActionMask = 2147483647;
			files = (
				A057D77922249E5C00B6D796 /* parstagramTests.swift in Sources */,
			);
			runOnlyForDeploymentPostprocessing = 0;
		};
		A057D77B22249E5C00B6D796 /* Sources */ = {
			isa = PBXSourcesBuildPhase;
			buildActionMask = 2147483647;
			files = (
				A057D78422249E5C00B6D796 /* parstagramUITests.swift in Sources */,
			);
			runOnlyForDeploymentPostprocessing = 0;
		};
/* End PBXSourcesBuildPhase section */

/* Begin PBXTargetDependency section */
		A057D77622249E5C00B6D796 /* PBXTargetDependency */ = {
			isa = PBXTargetDependency;
			target = A057D75F22249E5700B6D796 /* parstagram */;
			targetProxy = A057D77522249E5C00B6D796 /* PBXContainerItemProxy */;
		};
		A057D78122249E5C00B6D796 /* PBXTargetDependency */ = {
			isa = PBXTargetDependency;
			target = A057D75F22249E5700B6D796 /* parstagram */;
			targetProxy = A057D78022249E5C00B6D796 /* PBXContainerItemProxy */;
		};
/* End PBXTargetDependency section */

/* Begin PBXVariantGroup section */
		A057D76722249E5700B6D796 /* Main.storyboard */ = {
			isa = PBXVariantGroup;
			children = (
				A057D76822249E5700B6D796 /* Base */,
			);
			name = Main.storyboard;
			sourceTree = "<group>";
		};
		A057D76C22249E5B00B6D796 /* LaunchScreen.storyboard */ = {
			isa = PBXVariantGroup;
			children = (
				A057D76D22249E5B00B6D796 /* Base */,
			);
			name = LaunchScreen.storyboard;
			sourceTree = "<group>";
		};
/* End PBXVariantGroup section */

/* Begin XCBuildConfiguration section */
		A057D78622249E5C00B6D796 /* Debug */ = {
			isa = XCBuildConfiguration;
			buildSettings = {
				ALWAYS_SEARCH_USER_PATHS = NO;
				CLANG_ANALYZER_NONNULL = YES;
				CLANG_ANALYZER_NUMBER_OBJECT_CONVERSION = YES_AGGRESSIVE;
				CLANG_CXX_LANGUAGE_STANDARD = "gnu++14";
				CLANG_CXX_LIBRARY = "libc++";
				CLANG_ENABLE_MODULES = YES;
				CLANG_ENABLE_OBJC_ARC = YES;
				CLANG_ENABLE_OBJC_WEAK = YES;
				CLANG_WARN_BLOCK_CAPTURE_AUTORELEASING = YES;
				CLANG_WARN_BOOL_CONVERSION = YES;
				CLANG_WARN_COMMA = YES;
				CLANG_WARN_CONSTANT_CONVERSION = YES;
				CLANG_WARN_DEPRECATED_OBJC_IMPLEMENTATIONS = YES;
				CLANG_WARN_DIRECT_OBJC_ISA_USAGE = YES_ERROR;
				CLANG_WARN_DOCUMENTATION_COMMENTS = YES;
				CLANG_WARN_EMPTY_BODY = YES;
				CLANG_WARN_ENUM_CONVERSION = YES;
				CLANG_WARN_INFINITE_RECURSION = YES;
				CLANG_WARN_INT_CONVERSION = YES;
				CLANG_WARN_NON_LITERAL_NULL_CONVERSION = YES;
				CLANG_WARN_OBJC_IMPLICIT_RETAIN_SELF = YES;
				CLANG_WARN_OBJC_LITERAL_CONVERSION = YES;
				CLANG_WARN_OBJC_ROOT_CLASS = YES_ERROR;
				CLANG_WARN_RANGE_LOOP_ANALYSIS = YES;
				CLANG_WARN_STRICT_PROTOTYPES = YES;
				CLANG_WARN_SUSPICIOUS_MOVE = YES;
				CLANG_WARN_UNGUARDED_AVAILABILITY = YES_AGGRESSIVE;
				CLANG_WARN_UNREACHABLE_CODE = YES;
				CLANG_WARN__DUPLICATE_METHOD_MATCH = YES;
				CODE_SIGN_IDENTITY = "iPhone Developer";
				COPY_PHASE_STRIP = NO;
				DEBUG_INFORMATION_FORMAT = dwarf;
				ENABLE_STRICT_OBJC_MSGSEND = YES;
				ENABLE_TESTABILITY = YES;
				GCC_C_LANGUAGE_STANDARD = gnu11;
				GCC_DYNAMIC_NO_PIC = NO;
				GCC_NO_COMMON_BLOCKS = YES;
				GCC_OPTIMIZATION_LEVEL = 0;
				GCC_PREPROCESSOR_DEFINITIONS = (
					"DEBUG=1",
					"$(inherited)",
				);
				GCC_WARN_64_TO_32_BIT_CONVERSION = YES;
				GCC_WARN_ABOUT_RETURN_TYPE = YES_ERROR;
				GCC_WARN_UNDECLARED_SELECTOR = YES;
				GCC_WARN_UNINITIALIZED_AUTOS = YES_AGGRESSIVE;
				GCC_WARN_UNUSED_FUNCTION = YES;
				GCC_WARN_UNUSED_VARIABLE = YES;
				IPHONEOS_DEPLOYMENT_TARGET = 12.1;
				MTL_ENABLE_DEBUG_INFO = INCLUDE_SOURCE;
				MTL_FAST_MATH = YES;
				ONLY_ACTIVE_ARCH = YES;
				SDKROOT = iphoneos;
				SWIFT_ACTIVE_COMPILATION_CONDITIONS = DEBUG;
				SWIFT_OPTIMIZATION_LEVEL = "-Onone";
			};
			name = Debug;
		};
		A057D78722249E5C00B6D796 /* Release */ = {
			isa = XCBuildConfiguration;
			buildSettings = {
				ALWAYS_SEARCH_USER_PATHS = NO;
				CLANG_ANALYZER_NONNULL = YES;
				CLANG_ANALYZER_NUMBER_OBJECT_CONVERSION = YES_AGGRESSIVE;
				CLANG_CXX_LANGUAGE_STANDARD = "gnu++14";
				CLANG_CXX_LIBRARY = "libc++";
				CLANG_ENABLE_MODULES = YES;
				CLANG_ENABLE_OBJC_ARC = YES;
				CLANG_ENABLE_OBJC_WEAK = YES;
				CLANG_WARN_BLOCK_CAPTURE_AUTORELEASING = YES;
				CLANG_WARN_BOOL_CONVERSION = YES;
				CLANG_WARN_COMMA = YES;
				CLANG_WARN_CONSTANT_CONVERSION = YES;
				CLANG_WARN_DEPRECATED_OBJC_IMPLEMENTATIONS = YES;
				CLANG_WARN_DIRECT_OBJC_ISA_USAGE = YES_ERROR;
				CLANG_WARN_DOCUMENTATION_COMMENTS = YES;
				CLANG_WARN_EMPTY_BODY = YES;
				CLANG_WARN_ENUM_CONVERSION = YES;
				CLANG_WARN_INFINITE_RECURSION = YES;
				CLANG_WARN_INT_CONVERSION = YES;
				CLANG_WARN_NON_LITERAL_NULL_CONVERSION = YES;
				CLANG_WARN_OBJC_IMPLICIT_RETAIN_SELF = YES;
				CLANG_WARN_OBJC_LITERAL_CONVERSION = YES;
				CLANG_WARN_OBJC_ROOT_CLASS = YES_ERROR;
				CLANG_WARN_RANGE_LOOP_ANALYSIS = YES;
				CLANG_WARN_STRICT_PROTOTYPES = YES;
				CLANG_WARN_SUSPICIOUS_MOVE = YES;
				CLANG_WARN_UNGUARDED_AVAILABILITY = YES_AGGRESSIVE;
				CLANG_WARN_UNREACHABLE_CODE = YES;
				CLANG_WARN__DUPLICATE_METHOD_MATCH = YES;
				CODE_SIGN_IDENTITY = "iPhone Developer";
				COPY_PHASE_STRIP = NO;
				DEBUG_INFORMATION_FORMAT = "dwarf-with-dsym";
				ENABLE_NS_ASSERTIONS = NO;
				ENABLE_STRICT_OBJC_MSGSEND = YES;
				GCC_C_LANGUAGE_STANDARD = gnu11;
				GCC_NO_COMMON_BLOCKS = YES;
				GCC_WARN_64_TO_32_BIT_CONVERSION = YES;
				GCC_WARN_ABOUT_RETURN_TYPE = YES_ERROR;
				GCC_WARN_UNDECLARED_SELECTOR = YES;
				GCC_WARN_UNINITIALIZED_AUTOS = YES_AGGRESSIVE;
				GCC_WARN_UNUSED_FUNCTION = YES;
				GCC_WARN_UNUSED_VARIABLE = YES;
				IPHONEOS_DEPLOYMENT_TARGET = 12.1;
				MTL_ENABLE_DEBUG_INFO = NO;
				MTL_FAST_MATH = YES;
				SDKROOT = iphoneos;
				SWIFT_COMPILATION_MODE = wholemodule;
				SWIFT_OPTIMIZATION_LEVEL = "-O";
				VALIDATE_PRODUCT = YES;
			};
			name = Release;
		};
		A057D78922249E5C00B6D796 /* Debug */ = {
			isa = XCBuildConfiguration;
			buildSettings = {
				ASSETCATALOG_COMPILER_APPICON_NAME = AppIcon;
				CODE_SIGN_STYLE = Automatic;
				DEVELOPMENT_TEAM = UJ8X974936;
				INFOPLIST_FILE = parstagram/Info.plist;
				LD_RUNPATH_SEARCH_PATHS = (
					"$(inherited)",
					"@executable_path/Frameworks",
				);
				PRODUCT_BUNDLE_IDENTIFIER = com.alexis.parstagram;
				PRODUCT_NAME = "$(TARGET_NAME)";
				SWIFT_VERSION = 4.2;
				TARGETED_DEVICE_FAMILY = "1,2";
			};
			name = Debug;
		};
		A057D78A22249E5C00B6D796 /* Release */ = {
			isa = XCBuildConfiguration;
			buildSettings = {
				ASSETCATALOG_COMPILER_APPICON_NAME = AppIcon;
				CODE_SIGN_STYLE = Automatic;
				DEVELOPMENT_TEAM = UJ8X974936;
				INFOPLIST_FILE = parstagram/Info.plist;
				LD_RUNPATH_SEARCH_PATHS = (
					"$(inherited)",
					"@executable_path/Frameworks",
				);
				PRODUCT_BUNDLE_IDENTIFIER = com.alexis.parstagram;
				PRODUCT_NAME = "$(TARGET_NAME)";
				SWIFT_VERSION = 4.2;
				TARGETED_DEVICE_FAMILY = "1,2";
			};
			name = Release;
		};
		A057D78C22249E5C00B6D796 /* Debug */ = {
			isa = XCBuildConfiguration;
			buildSettings = {
				ALWAYS_EMBED_SWIFT_STANDARD_LIBRARIES = YES;
				BUNDLE_LOADER = "$(TEST_HOST)";
				CODE_SIGN_STYLE = Automatic;
				DEVELOPMENT_TEAM = UJ8X974936;
				INFOPLIST_FILE = parstagramTests/Info.plist;
				LD_RUNPATH_SEARCH_PATHS = (
					"$(inherited)",
					"@executable_path/Frameworks",
					"@loader_path/Frameworks",
				);
				PRODUCT_BUNDLE_IDENTIFIER = com.alexis.parstagramTests;
				PRODUCT_NAME = "$(TARGET_NAME)";
				SWIFT_VERSION = 4.2;
				TARGETED_DEVICE_FAMILY = "1,2";
				TEST_HOST = "$(BUILT_PRODUCTS_DIR)/parstagram.app/parstagram";
			};
			name = Debug;
		};
		A057D78D22249E5C00B6D796 /* Release */ = {
			isa = XCBuildConfiguration;
			buildSettings = {
				ALWAYS_EMBED_SWIFT_STANDARD_LIBRARIES = YES;
				BUNDLE_LOADER = "$(TEST_HOST)";
				CODE_SIGN_STYLE = Automatic;
				DEVELOPMENT_TEAM = UJ8X974936;
				INFOPLIST_FILE = parstagramTests/Info.plist;
				LD_RUNPATH_SEARCH_PATHS = (
					"$(inherited)",
					"@executable_path/Frameworks",
					"@loader_path/Frameworks",
				);
				PRODUCT_BUNDLE_IDENTIFIER = com.alexis.parstagramTests;
				PRODUCT_NAME = "$(TARGET_NAME)";
				SWIFT_VERSION = 4.2;
				TARGETED_DEVICE_FAMILY = "1,2";
				TEST_HOST = "$(BUILT_PRODUCTS_DIR)/parstagram.app/parstagram";
			};
			name = Release;
		};
		A057D78F22249E5C00B6D796 /* Debug */ = {
			isa = XCBuildConfiguration;
			buildSettings = {
				ALWAYS_EMBED_SWIFT_STANDARD_LIBRARIES = YES;
				CODE_SIGN_STYLE = Automatic;
				DEVELOPMENT_TEAM = UJ8X974936;
				INFOPLIST_FILE = parstagramUITests/Info.plist;
				LD_RUNPATH_SEARCH_PATHS = (
					"$(inherited)",
					"@executable_path/Frameworks",
					"@loader_path/Frameworks",
				);
				PRODUCT_BUNDLE_IDENTIFIER = com.alexis.parstagramUITests;
				PRODUCT_NAME = "$(TARGET_NAME)";
				SWIFT_VERSION = 4.2;
				TARGETED_DEVICE_FAMILY = "1,2";
				TEST_TARGET_NAME = parstagram;
			};
			name = Debug;
		};
		A057D79022249E5C00B6D796 /* Release */ = {
			isa = XCBuildConfiguration;
			buildSettings = {
				ALWAYS_EMBED_SWIFT_STANDARD_LIBRARIES = YES;
				CODE_SIGN_STYLE = Automatic;
				DEVELOPMENT_TEAM = UJ8X974936;
				INFOPLIST_FILE = parstagramUITests/Info.plist;
				LD_RUNPATH_SEARCH_PATHS = (
					"$(inherited)",
					"@executable_path/Frameworks",
					"@loader_path/Frameworks",
				);
				PRODUCT_BUNDLE_IDENTIFIER = com.alexis.parstagramUITests;
				PRODUCT_NAME = "$(TARGET_NAME)";
				SWIFT_VERSION = 4.2;
				TARGETED_DEVICE_FAMILY = "1,2";
				TEST_TARGET_NAME = parstagram;
			};
			name = Release;
		};
/* End XCBuildConfiguration section */

/* Begin XCConfigurationList section */
		A057D75B22249E5700B6D796 /* Build configuration list for PBXProject "parstagram" */ = {
			isa = XCConfigurationList;
			buildConfigurations = (
				A057D78622249E5C00B6D796 /* Debug */,
				A057D78722249E5C00B6D796 /* Release */,
			);
			defaultConfigurationIsVisible = 0;
			defaultConfigurationName = Release;
		};
		A057D78822249E5C00B6D796 /* Build configuration list for PBXNativeTarget "parstagram" */ = {
			isa = XCConfigurationList;
			buildConfigurations = (
				A057D78922249E5C00B6D796 /* Debug */,
				A057D78A22249E5C00B6D796 /* Release */,
			);
			defaultConfigurationIsVisible = 0;
			defaultConfigurationName = Release;
		};
		A057D78B22249E5C00B6D796 /* Build configuration list for PBXNativeTarget "parstagramTests" */ = {
			isa = XCConfigurationList;
			buildConfigurations = (
				A057D78C22249E5C00B6D796 /* Debug */,
				A057D78D22249E5C00B6D796 /* Release */,
			);
			defaultConfigurationIsVisible = 0;
			defaultConfigurationName = Release;
		};
		A057D78E22249E5C00B6D796 /* Build configuration list for PBXNativeTarget "parstagramUITests" */ = {
			isa = XCConfigurationList;
			buildConfigurations = (
				A057D78F22249E5C00B6D796 /* Debug */,
				A057D79022249E5C00B6D796 /* Release */,
			);
			defaultConfigurationIsVisible = 0;
			defaultConfigurationName = Release;
		};
/* End XCConfigurationList section */
	};
	rootObject = A057D75822249E5700B6D796 /* Project object */;
}
