// !$*UTF8*$!
{
	archiveVersion = 1;
	classes = {
	};
	objectVersion = 50;
	objects = {

/* Begin PBXBuildFile section */
		51E63910C1D6D9CEBA6681C0 /* Pods_parstagramUITests.framework in Frameworks */ = {isa = PBXBuildFile; fileRef = 3C8DCABAF1BD82327778B12A /* Pods_parstagramUITests.framework */; };
		742CE3C481B3B9687709CD0B /* Pods_parstagramTests.framework in Frameworks */ = {isa = PBXBuildFile; fileRef = 567F66D0FE457DEE900D195B /* Pods_parstagramTests.framework */; };
		A0109D232230827B0007BC08 /* CommentCell.swift in Sources */ = {isa = PBXBuildFile; fileRef = A0109D222230827B0007BC08 /* CommentCell.swift */; };
		A0420E57222748C0000F07A7 /* PostTableViewCell.swift in Sources */ = {isa = PBXBuildFile; fileRef = A0420E56222748C0000F07A7 /* PostTableViewCell.swift */; };
		A057D76422249E5700B6D796 /* AppDelegate.swift in Sources */ = {isa = PBXBuildFile; fileRef = A057D76322249E5700B6D796 /* AppDelegate.swift */; };
		A057D76922249E5700B6D796 /* Main.storyboard in Resources */ = {isa = PBXBuildFile; fileRef = A057D76722249E5700B6D796 /* Main.storyboard */; };
		A057D76B22249E5B00B6D796 /* Assets.xcassets in Resources */ = {isa = PBXBuildFile; fileRef = A057D76A22249E5B00B6D796 /* Assets.xcassets */; };
		A057D76E22249E5B00B6D796 /* LaunchScreen.storyboard in Resources */ = {isa = PBXBuildFile; fileRef = A057D76C22249E5B00B6D796 /* LaunchScreen.storyboard */; };
		A057D77922249E5C00B6D796 /* parstagramTests.swift in Sources */ = {isa = PBXBuildFile; fileRef = A057D77822249E5C00B6D796 /* parstagramTests.swift */; };
		A057D78422249E5C00B6D796 /* parstagramUITests.swift in Sources */ = {isa = PBXBuildFile; fileRef = A057D78322249E5C00B6D796 /* parstagramUITests.swift */; };
		A06E8C2D2224ACE400328471 /* FeedViewController.swift in Sources */ = {isa = PBXBuildFile; fileRef = A06E8C2C2224ACE400328471 /* FeedViewController.swift */; };
		A06E8C392224AD4700328471 /* LoginViewController.swift in Sources */ = {isa = PBXBuildFile; fileRef = A06E8C382224AD4700328471 /* LoginViewController.swift */; };
		A0E569AB222652F60004CC9C /* CameraViewController.swift in Sources */ = {isa = PBXBuildFile; fileRef = A0E569AA222652F60004CC9C /* CameraViewController.swift */; };
		F71CDD56CBE96F7907B01A50 /* Pods_parstagram.framework in Frameworks */ = {isa = PBXBuildFile; fileRef = 8D87653F27A7798C66191ACD /* Pods_parstagram.framework */; };
/* End PBXBuildFile section */

/* Begin PBXContainerItemProxy section */
		A057D77522249E5C00B6D796 /* PBXContainerItemProxy */ = {
			isa = PBXContainerItemProxy;
			containerPortal = A057D75822249E5700B6D796 /* Project object */;
			proxyType = 1;
			remoteGlobalIDString = A057D75F22249E5700B6D796;
			remoteInfo = parstagram;
		};
		A057D78022249E5C00B6D796 /* PBXContainerItemProxy */ = {
			isa = PBXContainerItemProxy;
			containerPortal = A057D75822249E5700B6D796 /* Project object */;
			proxyType = 1;
			remoteGlobalIDString = A057D75F22249E5700B6D796;
			remoteInfo = parstagram;
		};
/* End PBXContainerItemProxy section */

/* Begin PBXFileReference section */
		194D112789CFA1CA262E44B9 /* Pods-parstagramUITests.release.xcconfig */ = {isa = PBXFileReference; includeInIndex = 1; lastKnownFileType = text.xcconfig; name = "Pods-parstagramUITests.release.xcconfig"; path = "Pods/Target Support Files/Pods-parstagramUITests/Pods-parstagramUITests.release.xcconfig"; sourceTree = "<group>"; };
		3C8DCABAF1BD82327778B12A /* Pods_parstagramUITests.framework */ = {isa = PBXFileReference; explicitFileType = wrapper.framework; includeInIndex = 0; path = Pods_parstagramUITests.framework; sourceTree = BUILT_PRODUCTS_DIR; };
		567F66D0FE457DEE900D195B /* Pods_parstagramTests.framework */ = {isa = PBXFileReference; explicitFileType = wrapper.framework; includeInIndex = 0; path = Pods_parstagramTests.framework; sourceTree = BUILT_PRODUCTS_DIR; };
		5CFC5E778E2391955387718C /* Pods-parstagram.debug.xcconfig */ = {isa = PBXFileReference; includeInIndex = 1; lastKnownFileType = text.xcconfig; name = "Pods-parstagram.debug.xcconfig"; path = "Pods/Target Support Files/Pods-parstagram/Pods-parstagram.debug.xcconfig"; sourceTree = "<group>"; };
		6D28723301E0CBF37666034A /* Pods-parstagramTests.debug.xcconfig */ = {isa = PBXFileReference; includeInIndex = 1; lastKnownFileType = text.xcconfig; name = "Pods-parstagramTests.debug.xcconfig"; path = "Pods/Target Support Files/Pods-parstagramTests/Pods-parstagramTests.debug.xcconfig"; sourceTree = "<group>"; };
		8D87653F27A7798C66191ACD /* Pods_parstagram.framework */ = {isa = PBXFileReference; explicitFileType = wrapper.framework; includeInIndex = 0; path = Pods_parstagram.framework; sourceTree = BUILT_PRODUCTS_DIR; };
		A0109D222230827B0007BC08 /* CommentCell.swift */ = {isa = PBXFileReference; lastKnownFileType = sourcecode.swift; path = CommentCell.swift; sourceTree = "<group>"; };
		A0420E56222748C0000F07A7 /* PostTableViewCell.swift */ = {isa = PBXFileReference; lastKnownFileType = sourcecode.swift; path = PostTableViewCell.swift; sourceTree = "<group>"; };
		A057D76022249E5700B6D796 /* parstagram.app */ = {isa = PBXFileReference; explicitFileType = wrapper.application; includeInIndex = 0; path = parstagram.app; sourceTree = BUILT_PRODUCTS_DIR; };
		A057D76322249E5700B6D796 /* AppDelegate.swift */ = {isa = PBXFileReference; lastKnownFileType = sourcecode.swift; path = AppDelegate.swift; sourceTree = "<group>"; };
		A057D76822249E5700B6D796 /* Base */ = {isa = PBXFileReference; lastKnownFileType = file.storyboard; name = Base; path = Base.lproj/Main.storyboard; sourceTree = "<group>"; };
		A057D76A22249E5B00B6D796 /* Assets.xcassets */ = {isa = PBXFileReference; lastKnownFileType = folder.assetcatalog; path = Assets.xcassets; sourceTree = "<group>"; };
		A057D76D22249E5B00B6D796 /* Base */ = {isa = PBXFileReference; lastKnownFileType = file.storyboard; name = Base; path = Base.lproj/LaunchScreen.storyboard; sourceTree = "<group>"; };
		A057D76F22249E5B00B6D796 /* Info.plist */ = {isa = PBXFileReference; lastKnownFileType = text.plist.xml; path = Info.plist; sourceTree = "<group>"; };
		A057D77422249E5C00B6D796 /* parstagramTests.xctest */ = {isa = PBXFileReference; explicitFileType = wrapper.cfbundle; includeInIndex = 0; path = parstagramTests.xctest; sourceTree = BUILT_PRODUCTS_DIR; };
		A057D77822249E5C00B6D796 /* parstagramTests.swift */ = {isa = PBXFileReference; lastKnownFileType = sourcecode.swift; path = parstagramTests.swift; sourceTree = "<group>"; };
		A057D77A22249E5C00B6D796 /* Info.plist */ = {isa = PBXFileReference; lastKnownFileType = text.plist.xml; path = Info.plist; sourceTree = "<group>"; };
		A057D77F22249E5C00B6D796 /* parstagramUITests.xctest */ = {isa = PBXFileReference; explicitFileType = wrapper.cfbundle; includeInIndex = 0; path = parstagramUITests.xctest; sourceTree = BUILT_PRODUCTS_DIR; };
		A057D78322249E5C00B6D796 /* parstagramUITests.swift */ = {isa = PBXFileReference; lastKnownFileType = sourcecode.swift; path = parstagramUITests.swift; sourceTree = "<group>"; };
		A057D78522249E5C00B6D796 /* Info.plist */ = {isa = PBXFileReference; lastKnownFileType = text.plist.xml; path = Info.plist; sourceTree = "<group>"; };
		A06E8C2C2224ACE400328471 /* FeedViewController.swift */ = {isa = PBXFileReference; lastKnownFileType = sourcecode.swift; path = FeedViewController.swift; sourceTree = "<group>"; };
		A06E8C382224AD4700328471 /* LoginViewController.swift */ = {isa = PBXFileReference; lastKnownFileType = sourcecode.swift; path = LoginViewController.swift; sourceTree = "<group>"; };
		A0E569AA222652F60004CC9C /* CameraViewController.swift */ = {isa = PBXFileReference; lastKnownFileType = sourcecode.swift; path = CameraViewController.swift; sourceTree = "<group>"; };
		C9E2947BDE365B65470EB57F /* Pods-parstagramTests.release.xcconfig */ = {isa = PBXFileReference; includeInIndex = 1; lastKnownFileType = text.xcconfig; name = "Pods-parstagramTests.release.xcconfig"; path = "Pods/Target Support Files/Pods-parstagramTests/Pods-parstagramTests.release.xcconfig"; sourceTree = "<group>"; };
		E1536BFE590EC393783DB028 /* Pods-parstagramUITests.debug.xcconfig */ = {isa = PBXFileReference; includeInIndex = 1; lastKnownFileType = text.xcconfig; name = "Pods-parstagramUITests.debug.xcconfig"; path = "Pods/Target Support Files/Pods-parstagramUITests/Pods-parstagramUITests.debug.xcconfig"; sourceTree = "<group>"; };
		F33CD8E339CAE0AAE4C74E54 /* Pods-parstagram.release.xcconfig */ = {isa = PBXFileReference; includeInIndex = 1; lastKnownFileType = text.xcconfig; name = "Pods-parstagram.release.xcconfig"; path = "Pods/Target Support Files/Pods-parstagram/Pods-parstagram.release.xcconfig"; sourceTree = "<group>"; };
/* End PBXFileReference section */

/* Begin PBXFrameworksBuildPhase section */
		A057D75D22249E5700B6D796 /* Frameworks */ = {
			isa = PBXFrameworksBuildPhase;
			buildActionMask = 2147483647;
			files = (
				F71CDD56CBE96F7907B01A50 /* Pods_parstagram.framework in Frameworks */,
			);
			runOnlyForDeploymentPostprocessing = 0;
		};
		A057D77122249E5C00B6D796 /* Frameworks */ = {
			isa = PBXFrameworksBuildPhase;
			buildActionMask = 2147483647;
			files = (
				742CE3C481B3B9687709CD0B /* Pods_parstagramTests.framework in Frameworks */,
			);
			runOnlyForDeploymentPostprocessing = 0;
		};
		A057D77C22249E5C00B6D796 /* Frameworks */ = {
			isa = PBXFrameworksBuildPhase;
			buildActionMask = 2147483647;
			files = (
				51E63910C1D6D9CEBA6681C0 /* Pods_parstagramUITests.framework in Frameworks */,
			);
			runOnlyForDeploymentPostprocessing = 0;
		};
/* End PBXFrameworksBuildPhase section */

/* Begin PBXGroup section */
		679A4F1F2F13B29F7251561E /* Pods */ = {
			isa = PBXGroup;
			children = (
				5CFC5E778E2391955387718C /* Pods-parstagram.debug.xcconfig */,
				F33CD8E339CAE0AAE4C74E54 /* Pods-parstagram.release.xcconfig */,
				6D28723301E0CBF37666034A /* Pods-parstagramTests.debug.xcconfig */,
				C9E2947BDE365B65470EB57F /* Pods-parstagramTests.release.xcconfig */,
				E1536BFE590EC393783DB028 /* Pods-parstagramUITests.debug.xcconfig */,
				194D112789CFA1CA262E44B9 /* Pods-parstagramUITests.release.xcconfig */,
			);
			name = Pods;
			sourceTree = "<group>";
		};
		A057D75722249E5600B6D796 = {
			isa = PBXGroup;
			children = (
				A057D76222249E5700B6D796 /* parstagram */,
				A057D77722249E5C00B6D796 /* parstagramTests */,
				A057D78222249E5C00B6D796 /* parstagramUITests */,
				A057D76122249E5700B6D796 /* Products */,
				679A4F1F2F13B29F7251561E /* Pods */,
				BB9060F1A7E19DC7723477ED /* Frameworks */,
			);
			sourceTree = "<group>";
		};
		A057D76122249E5700B6D796 /* Products */ = {
			isa = PBXGroup;
			children = (
				A057D76022249E5700B6D796 /* parstagram.app */,
				A057D77422249E5C00B6D796 /* parstagramTests.xctest */,
				A057D77F22249E5C00B6D796 /* parstagramUITests.xctest */,
			);
			name = Products;
			sourceTree = "<group>";
		};
		A057D76222249E5700B6D796 /* parstagram */ = {
			isa = PBXGroup;
			children = (
				A057D76322249E5700B6D796 /* AppDelegate.swift */,
				A057D76722249E5700B6D796 /* Main.storyboard */,
				A06E8C2C2224ACE400328471 /* FeedViewController.swift */,
				A057D76A22249E5B00B6D796 /* Assets.xcassets */,
				A057D76C22249E5B00B6D796 /* LaunchScreen.storyboard */,
				A057D76F22249E5B00B6D796 /* Info.plist */,
				A06E8C382224AD4700328471 /* LoginViewController.swift */,
				A0E569AA222652F60004CC9C /* CameraViewController.swift */,
				A0420E56222748C0000F07A7 /* PostTableViewCell.swift */,
				A0109D222230827B0007BC08 /* CommentCell.swift */,
			);
			path = parstagram;
			sourceTree = "<group>";
		};
		A057D77722249E5C00B6D796 /* parstagramTests */ = {
			isa = PBXGroup;
			children = (
				A057D77822249E5C00B6D796 /* parstagramTests.swift */,
				A057D77A22249E5C00B6D796 /* Info.plist */,
			);
			path = parstagramTests;
			sourceTree = "<group>";
		};
		A057D78222249E5C00B6D796 /* parstagramUITests */ = {
			isa = PBXGroup;
			children = (
				A057D78322249E5C00B6D796 /* parstagramUITests.swift */,
				A057D78522249E5C00B6D796 /* Info.plist */,
			);
			path = parstagramUITests;
			sourceTree = "<group>";
		};
		BB9060F1A7E19DC7723477ED /* Frameworks */ = {
			isa = PBXGroup;
			children = (
				8D87653F27A7798C66191ACD /* Pods_parstagram.framework */,
				567F66D0FE457DEE900D195B /* Pods_parstagramTests.framework */,
				3C8DCABAF1BD82327778B12A /* Pods_parstagramUITests.framework */,
			);
			name = Frameworks;
			sourceTree = "<group>";
		};
/* End PBXGroup section */

/* Begin PBXNativeTarget section */
		A057D75F22249E5700B6D796 /* parstagram */ = {
			isa = PBXNativeTarget;
			buildConfigurationList = A057D78822249E5C00B6D796 /* Build configuration list for PBXNativeTarget "parstagram" */;
			buildPhases = (
				0C0E3367164F8F98CAF7C7A1 /* [CP] Check Pods Manifest.lock */,
				A057D75C22249E5700B6D796 /* Sources */,
				A057D75D22249E5700B6D796 /* Frameworks */,
				A057D75E22249E5700B6D796 /* Resources */,
				32C69082651373CC2019222D /* [CP] Embed Pods Frameworks */,
			);
			buildRules = (
			);
			dependencies = (
			);
			name = parstagram;
			productName = parstagram;
			productReference = A057D76022249E5700B6D796 /* parstagram.app */;
			productType = "com.apple.product-type.application";
		};
		A057D77322249E5C00B6D796 /* parstagramTests */ = {
			isa = PBXNativeTarget;
			buildConfigurationList = A057D78B22249E5C00B6D796 /* Build configuration list for PBXNativeTarget "parstagramTests" */;
			buildPhases = (
				157CD8889EB63CA708FF5792 /* [CP] Check Pods Manifest.lock */,
				A057D77022249E5C00B6D796 /* Sources */,
				A057D77122249E5C00B6D796 /* Frameworks */,
				A057D77222249E5C00B6D796 /* Resources */,
			);
			buildRules = (
			);
			dependencies = (
				A057D77622249E5C00B6D796 /* PBXTargetDependency */,
			);
			name = parstagramTests;
			productName = parstagramTests;
			productReference = A057D77422249E5C00B6D796 /* parstagramTests.xctest */;
			productType = "com.apple.product-type.bundle.unit-test";
		};
		A057D77E22249E5C00B6D796 /* parstagramUITests */ = {
			isa = PBXNativeTarget;
			buildConfigurationList = A057D78E22249E5C00B6D796 /* Build configuration list for PBXNativeTarget "parstagramUITests" */;
			buildPhases = (
				E2CA2C2CADF94C20E7F08BB9 /* [CP] Check Pods Manifest.lock */,
				A057D77B22249E5C00B6D796 /* Sources */,
				A057D77C22249E5C00B6D796 /* Frameworks */,
				A057D77D22249E5C00B6D796 /* Resources */,
			);
			buildRules = (
			);
			dependencies = (
				A057D78122249E5C00B6D796 /* PBXTargetDependency */,
			);
			name = parstagramUITests;
			productName = parstagramUITests;
			productReference = A057D77F22249E5C00B6D796 /* parstagramUITests.xctest */;
			productType = "com.apple.product-type.bundle.ui-testing";
		};
/* End PBXNativeTarget section */

/* Begin PBXProject section */
		A057D75822249E5700B6D796 /* Project object */ = {
			isa = PBXProject;
			attributes = {
				LastSwiftUpdateCheck = 1010;
				LastUpgradeCheck = 1010;
				ORGANIZATIONNAME = alexis;
				TargetAttributes = {
					A057D75F22249E5700B6D796 = {
						CreatedOnToolsVersion = 10.1;
					};
					A057D77322249E5C00B6D796 = {
						CreatedOnToolsVersion = 10.1;
						TestTargetID = A057D75F22249E5700B6D796;
					};
					A057D77E22249E5C00B6D796 = {
						CreatedOnToolsVersion = 10.1;
						TestTargetID = A057D75F22249E5700B6D796;
					};
				};
			};
			buildConfigurationList = A057D75B22249E5700B6D796 /* Build configuration list for PBXProject "parstagram" */;
			compatibilityVersion = "Xcode 9.3";
			developmentRegion = en;
			hasScannedForEncodings = 0;
			knownRegions = (
				en,
				Base,
			);
			mainGroup = A057D75722249E5600B6D796;
			productRefGroup = A057D76122249E5700B6D796 /* Products */;
			projectDirPath = "";
			projectRoot = "";
			targets = (
				A057D75F22249E5700B6D796 /* parstagram */,
				A057D77322249E5C00B6D796 /* parstagramTests */,
				A057D77E22249E5C00B6D796 /* parstagramUITests */,
			);
		};
/* End PBXProject section */

/* Begin PBXResourcesBuildPhase section */
		A057D75E22249E5700B6D796 /* Resources */ = {
			isa = PBXResourcesBuildPhase;
			buildActionMask = 2147483647;
			files = (
				A057D76E22249E5B00B6D796 /* LaunchScreen.storyboard in Resources */,
				A057D76B22249E5B00B6D796 /* Assets.xcassets in Resources */,
				A057D76922249E5700B6D796 /* Main.storyboard in Resources */,
			);
			runOnlyForDeploymentPostprocessing = 0;
		};
		A057D77222249E5C00B6D796 /* Resources */ = {
			isa = PBXResourcesBuildPhase;
			buildActionMask = 2147483647;
			files = (
			);
			runOnlyForDeploymentPostprocessing = 0;
		};
		A057D77D22249E5C00B6D796 /* Resources */ = {
			isa = PBXResourcesBuildPhase;
			buildActionMask = 2147483647;
			files = (
			);
			runOnlyForDeploymentPostprocessing = 0;
		};
/* End PBXResourcesBuildPhase section */

/* Begin PBXShellScriptBuildPhase section */
		0C0E3367164F8F98CAF7C7A1 /* [CP] Check Pods Manifest.lock */ = {
			isa = PBXShellScriptBuildPhase;
			buildActionMask = 2147483647;
			files = (
			);
			inputFileListPaths = (
			);
			inputPaths = (
				"${PODS_PODFILE_DIR_PATH}/Podfile.lock",
				"${PODS_ROOT}/Manifest.lock",
			);
			name = "[CP] Check Pods Manifest.lock";
			outputFileListPaths = (
			);
			outputPaths = (
				"$(DERIVED_FILE_DIR)/Pods-parstagram-checkManifestLockResult.txt",
			);
			runOnlyForDeploymentPostprocessing = 0;
			shellPath = /bin/sh;
			shellScript = "diff \"${PODS_PODFILE_DIR_PATH}/Podfile.lock\" \"${PODS_ROOT}/Manifest.lock\" > /dev/null\nif [ $? != 0 ] ; then\n    # print error to STDERR\n    echo \"error: The sandbox is not in sync with the Podfile.lock. Run 'pod install' or update your CocoaPods installation.\" >&2\n    exit 1\nfi\n# This output is used by Xcode 'outputs' to avoid re-running this script phase.\necho \"SUCCESS\" > \"${SCRIPT_OUTPUT_FILE_0}\"\n";
			showEnvVarsInLog = 0;
		};
		157CD8889EB63CA708FF5792 /* [CP] Check Pods Manifest.lock */ = {
			isa = PBXShellScriptBuildPhase;
			buildActionMask = 2147483647;
			files = (
			);
			inputFileListPaths = (
			);
			inputPaths = (
				"${PODS_PODFILE_DIR_PATH}/Podfile.lock",
				"${PODS_ROOT}/Manifest.lock",
			);
			name = "[CP] Check Pods Manifest.lock";
			outputFileListPaths = (
			);
			outputPaths = (
				"$(DERIVED_FILE_DIR)/Pods-parstagramTests-checkManifestLockResult.txt",
			);
			runOnlyForDeploymentPostprocessing = 0;
			shellPath = /bin/sh;
			shellScript = "diff \"${PODS_PODFILE_DIR_PATH}/Podfile.lock\" \"${PODS_ROOT}/Manifest.lock\" > /dev/null\nif [ $? != 0 ] ; then\n    # print error to STDERR\n    echo \"error: The sandbox is not in sync with the Podfile.lock. Run 'pod install' or update your CocoaPods installation.\" >&2\n    exit 1\nfi\n# This output is used by Xcode 'outputs' to avoid re-running this script phase.\necho \"SUCCESS\" > \"${SCRIPT_OUTPUT_FILE_0}\"\n";
			showEnvVarsInLog = 0;
		};
		32C69082651373CC2019222D /* [CP] Embed Pods Frameworks */ = {
			isa = PBXShellScriptBuildPhase;
			buildActionMask = 2147483647;
			files = (
			);
			inputFileListPaths = (
			);
			inputPaths = (
				"${SRCROOT}/Pods/Target Support Files/Pods-parstagram/Pods-parstagram-frameworks.sh",
				"${BUILT_PRODUCTS_DIR}/Alamofire/Alamofire.framework",
				"${BUILT_PRODUCTS_DIR}/AlamofireImage/AlamofireImage.framework",
				"${BUILT_PRODUCTS_DIR}/Bolts/Bolts.framework",
				"${BUILT_PRODUCTS_DIR}/MessageInputBar/MessageInputBar.framework",
				"${BUILT_PRODUCTS_DIR}/Parse/Parse.framework",
			);
			name = "[CP] Embed Pods Frameworks";
			outputFileListPaths = (
			);
			outputPaths = (
				"${TARGET_BUILD_DIR}/${FRAMEWORKS_FOLDER_PATH}/Alamofire.framework",
				"${TARGET_BUILD_DIR}/${FRAMEWORKS_FOLDER_PATH}/AlamofireImage.framework",
				"${TARGET_BUILD_DIR}/${FRAMEWORKS_FOLDER_PATH}/Bolts.framework",
				"${TARGET_BUILD_DIR}/${FRAMEWORKS_FOLDER_PATH}/MessageInputBar.framework",
				"${TARGET_BUILD_DIR}/${FRAMEWORKS_FOLDER_PATH}/Parse.framework",
			);
			runOnlyForDeploymentPostprocessing = 0;
			shellPath = /bin/sh;
			shellScript = "\"${SRCROOT}/Pods/Target Support Files/Pods-parstagram/Pods-parstagram-frameworks.sh\"\n";
			showEnvVarsInLog = 0;
		};
		E2CA2C2CADF94C20E7F08BB9 /* [CP] Check Pods Manifest.lock */ = {
			isa = PBXShellScriptBuildPhase;
			buildActionMask = 2147483647;
			files = (
			);
			inputFileListPaths = (
			);
			inputPaths = (
				"${PODS_PODFILE_DIR_PATH}/Podfile.lock",
				"${PODS_ROOT}/Manifest.lock",
			);
			name = "[CP] Check Pods Manifest.lock";
			outputFileListPaths = (
			);
			outputPaths = (
				"$(DERIVED_FILE_DIR)/Pods-parstagramUITests-checkManifestLockResult.txt",
			);
			runOnlyForDeploymentPostprocessing = 0;
			shellPath = /bin/sh;
			shellScript = "diff \"${PODS_PODFILE_DIR_PATH}/Podfile.lock\" \"${PODS_ROOT}/Manifest.lock\" > /dev/null\nif [ $? != 0 ] ; then\n    # print error to STDERR\n    echo \"error: The sandbox is not in sync with the Podfile.lock. Run 'pod install' or update your CocoaPods installation.\" >&2\n    exit 1\nfi\n# This output is used by Xcode 'outputs' to avoid re-running this script phase.\necho \"SUCCESS\" > \"${SCRIPT_OUTPUT_FILE_0}\"\n";
			showEnvVarsInLog = 0;
		};
/* End PBXShellScriptBuildPhase section */

/* Begin PBXSourcesBuildPhase section */
		A057D75C22249E5700B6D796 /* Sources */ = {
			isa = PBXSourcesBuildPhase;
			buildActionMask = 2147483647;
			files = (
				A06E8C392224AD4700328471 /* LoginViewController.swift in Sources */,
				A0E569AB222652F60004CC9C /* CameraViewController.swift in Sources */,
				A0420E57222748C0000F07A7 /* PostTableViewCell.swift in Sources */,
				A06E8C2D2224ACE400328471 /* FeedViewController.swift in Sources */,
				A057D76422249E5700B6D796 /* AppDelegate.swift in Sources */,
				A0109D232230827B0007BC08 /* CommentCell.swift in Sources */,
			);
			runOnlyForDeploymentPostprocessing = 0;
		};
		A057D77022249E5C00B6D796 /* Sources */ = {
			isa = PBXSourcesBuildPhase;
			buildActionMask = 2147483647;
			files = (
				A057D77922249E5C00B6D796 /* parstagramTests.swift in Sources */,
			);
			runOnlyForDeploymentPostprocessing = 0;
		};
		A057D77B22249E5C00B6D796 /* Sources */ = {
			isa = PBXSourcesBuildPhase;
			buildActionMask = 2147483647;
			files = (
				A057D78422249E5C00B6D796 /* parstagramUITests.swift in Sources */,
			);
			runOnlyForDeploymentPostprocessing = 0;
		};
/* End PBXSourcesBuildPhase section */

/* Begin PBXTargetDependency section */
		A057D77622249E5C00B6D796 /* PBXTargetDependency */ = {
			isa = PBXTargetDependency;
			target = A057D75F22249E5700B6D796 /* parstagram */;
			targetProxy = A057D77522249E5C00B6D796 /* PBXContainerItemProxy */;
		};
		A057D78122249E5C00B6D796 /* PBXTargetDependency */ = {
			isa = PBXTargetDependency;
			target = A057D75F22249E5700B6D796 /* parstagram */;
			targetProxy = A057D78022249E5C00B6D796 /* PBXContainerItemProxy */;
		};
/* End PBXTargetDependency section */

/* Begin PBXVariantGroup section */
		A057D76722249E5700B6D796 /* Main.storyboard */ = {
			isa = PBXVariantGroup;
			children = (
				A057D76822249E5700B6D796 /* Base */,
			);
			name = Main.storyboard;
			sourceTree = "<group>";
		};
		A057D76C22249E5B00B6D796 /* LaunchScreen.storyboard */ = {
			isa = PBXVariantGroup;
			children = (
				A057D76D22249E5B00B6D796 /* Base */,
			);
			name = LaunchScreen.storyboard;
			sourceTree = "<group>";
		};
/* End PBXVariantGroup section */

/* Begin XCBuildConfiguration section */
		A057D78622249E5C00B6D796 /* Debug */ = {
			isa = XCBuildConfiguration;
			buildSettings = {
				ALWAYS_SEARCH_USER_PATHS = NO;
				CLANG_ANALYZER_NONNULL = YES;
				CLANG_ANALYZER_NUMBER_OBJECT_CONVERSION = YES_AGGRESSIVE;
				CLANG_CXX_LANGUAGE_STANDARD = "gnu++14";
				CLANG_CXX_LIBRARY = "libc++";
				CLANG_ENABLE_MODULES = YES;
				CLANG_ENABLE_OBJC_ARC = YES;
				CLANG_ENABLE_OBJC_WEAK = YES;
				CLANG_WARN_BLOCK_CAPTURE_AUTORELEASING = YES;
				CLANG_WARN_BOOL_CONVERSION = YES;
				CLANG_WARN_COMMA = YES;
				CLANG_WARN_CONSTANT_CONVERSION = YES;
				CLANG_WARN_DEPRECATED_OBJC_IMPLEMENTATIONS = YES;
				CLANG_WARN_DIRECT_OBJC_ISA_USAGE = YES_ERROR;
				CLANG_WARN_DOCUMENTATION_COMMENTS = YES;
				CLANG_WARN_EMPTY_BODY = YES;
				CLANG_WARN_ENUM_CONVERSION = YES;
				CLANG_WARN_INFINITE_RECURSION = YES;
				CLANG_WARN_INT_CONVERSION = YES;
				CLANG_WARN_NON_LITERAL_NULL_CONVERSION = YES;
				CLANG_WARN_OBJC_IMPLICIT_RETAIN_SELF = YES;
				CLANG_WARN_OBJC_LITERAL_CONVERSION = YES;
				CLANG_WARN_OBJC_ROOT_CLASS = YES_ERROR;
				CLANG_WARN_RANGE_LOOP_ANALYSIS = YES;
				CLANG_WARN_STRICT_PROTOTYPES = YES;
				CLANG_WARN_SUSPICIOUS_MOVE = YES;
				CLANG_WARN_UNGUARDED_AVAILABILITY = YES_AGGRESSIVE;
				CLANG_WARN_UNREACHABLE_CODE = YES;
				CLANG_WARN__DUPLICATE_METHOD_MATCH = YES;
				CODE_SIGN_IDENTITY = "iPhone Developer";
				COPY_PHASE_STRIP = NO;
				DEBUG_INFORMATION_FORMAT = dwarf;
				ENABLE_STRICT_OBJC_MSGSEND = YES;
				ENABLE_TESTABILITY = YES;
				GCC_C_LANGUAGE_STANDARD = gnu11;
				GCC_DYNAMIC_NO_PIC = NO;
				GCC_NO_COMMON_BLOCKS = YES;
				GCC_OPTIMIZATION_LEVEL = 0;
				GCC_PREPROCESSOR_DEFINITIONS = (
					"DEBUG=1",
					"$(inherited)",
				);
				GCC_WARN_64_TO_32_BIT_CONVERSION = YES;
				GCC_WARN_ABOUT_RETURN_TYPE = YES_ERROR;
				GCC_WARN_UNDECLARED_SELECTOR = YES;
				GCC_WARN_UNINITIALIZED_AUTOS = YES_AGGRESSIVE;
				GCC_WARN_UNUSED_FUNCTION = YES;
				GCC_WARN_UNUSED_VARIABLE = YES;
				IPHONEOS_DEPLOYMENT_TARGET = 12.1;
				MTL_ENABLE_DEBUG_INFO = INCLUDE_SOURCE;
				MTL_FAST_MATH = YES;
				ONLY_ACTIVE_ARCH = YES;
				SDKROOT = iphoneos;
				SWIFT_ACTIVE_COMPILATION_CONDITIONS = DEBUG;
				SWIFT_OPTIMIZATION_LEVEL = "-Onone";
			};
			name = Debug;
		};
		A057D78722249E5C00B6D796 /* Release */ = {
			isa = XCBuildConfiguration;
			buildSettings = {
				ALWAYS_SEARCH_USER_PATHS = NO;
				CLANG_ANALYZER_NONNULL = YES;
				CLANG_ANALYZER_NUMBER_OBJECT_CONVERSION = YES_AGGRESSIVE;
				CLANG_CXX_LANGUAGE_STANDARD = "gnu++14";
				CLANG_CXX_LIBRARY = "libc++";
				CLANG_ENABLE_MODULES = YES;
				CLANG_ENABLE_OBJC_ARC = YES;
				CLANG_ENABLE_OBJC_WEAK = YES;
				CLANG_WARN_BLOCK_CAPTURE_AUTORELEASING = YES;
				CLANG_WARN_BOOL_CONVERSION = YES;
				CLANG_WARN_COMMA = YES;
				CLANG_WARN_CONSTANT_CONVERSION = YES;
				CLANG_WARN_DEPRECATED_OBJC_IMPLEMENTATIONS = YES;
				CLANG_WARN_DIRECT_OBJC_ISA_USAGE = YES_ERROR;
				CLANG_WARN_DOCUMENTATION_COMMENTS = YES;
				CLANG_WARN_EMPTY_BODY = YES;
				CLANG_WARN_ENUM_CONVERSION = YES;
				CLANG_WARN_INFINITE_RECURSION = YES;
				CLANG_WARN_INT_CONVERSION = YES;
				CLANG_WARN_NON_LITERAL_NULL_CONVERSION = YES;
				CLANG_WARN_OBJC_IMPLICIT_RETAIN_SELF = YES;
				CLANG_WARN_OBJC_LITERAL_CONVERSION = YES;
				CLANG_WARN_OBJC_ROOT_CLASS = YES_ERROR;
				CLANG_WARN_RANGE_LOOP_ANALYSIS = YES;
				CLANG_WARN_STRICT_PROTOTYPES = YES;
				CLANG_WARN_SUSPICIOUS_MOVE = YES;
				CLANG_WARN_UNGUARDED_AVAILABILITY = YES_AGGRESSIVE;
				CLANG_WARN_UNREACHABLE_CODE = YES;
				CLANG_WARN__DUPLICATE_METHOD_MATCH = YES;
				CODE_SIGN_IDENTITY = "iPhone Developer";
				COPY_PHASE_STRIP = NO;
				DEBUG_INFORMATION_FORMAT = "dwarf-with-dsym";
				ENABLE_NS_ASSERTIONS = NO;
				ENABLE_STRICT_OBJC_MSGSEND = YES;
				GCC_C_LANGUAGE_STANDARD = gnu11;
				GCC_NO_COMMON_BLOCKS = YES;
				GCC_WARN_64_TO_32_BIT_CONVERSION = YES;
				GCC_WARN_ABOUT_RETURN_TYPE = YES_ERROR;
				GCC_WARN_UNDECLARED_SELECTOR = YES;
				GCC_WARN_UNINITIALIZED_AUTOS = YES_AGGRESSIVE;
				GCC_WARN_UNUSED_FUNCTION = YES;
				GCC_WARN_UNUSED_VARIABLE = YES;
				IPHONEOS_DEPLOYMENT_TARGET = 12.1;
				MTL_ENABLE_DEBUG_INFO = NO;
				MTL_FAST_MATH = YES;
				SDKROOT = iphoneos;
				SWIFT_COMPILATION_MODE = wholemodule;
				SWIFT_OPTIMIZATION_LEVEL = "-O";
				VALIDATE_PRODUCT = YES;
			};
			name = Release;
		};
		A057D78922249E5C00B6D796 /* Debug */ = {
			isa = XCBuildConfiguration;
			baseConfigurationReference = 5CFC5E778E2391955387718C /* Pods-parstagram.debug.xcconfig */;
			buildSettings = {
				ASSETCATALOG_COMPILER_APPICON_NAME = AppIcon;
				CODE_SIGN_STYLE = Automatic;
				DEVELOPMENT_TEAM = UJ8X974936;
				INFOPLIST_FILE = parstagram/Info.plist;
				IPHONEOS_DEPLOYMENT_TARGET = 11.0;
				LD_RUNPATH_SEARCH_PATHS = (
					"$(inherited)",
					"@executable_path/Frameworks",
				);
				PRODUCT_BUNDLE_IDENTIFIER = com.alexis.parstagram;
				PRODUCT_NAME = "$(TARGET_NAME)";
				SWIFT_VERSION = 4.2;
				TARGETED_DEVICE_FAMILY = "1,2";
			};
			name = Debug;
		};
		A057D78A22249E5C00B6D796 /* Release */ = {
			isa = XCBuildConfiguration;
			baseConfigurationReference = F33CD8E339CAE0AAE4C74E54 /* Pods-parstagram.release.xcconfig */;
			buildSettings = {
				ASSETCATALOG_COMPILER_APPICON_NAME = AppIcon;
				CODE_SIGN_STYLE = Automatic;
				DEVELOPMENT_TEAM = UJ8X974936;
				INFOPLIST_FILE = parstagram/Info.plist;
				IPHONEOS_DEPLOYMENT_TARGET = 11.0;
				LD_RUNPATH_SEARCH_PATHS = (
					"$(inherited)",
					"@executable_path/Frameworks",
				);
				PRODUCT_BUNDLE_IDENTIFIER = com.alexis.parstagram;
				PRODUCT_NAME = "$(TARGET_NAME)";
				SWIFT_VERSION = 4.2;
				TARGETED_DEVICE_FAMILY = "1,2";
			};
			name = Release;
		};
		A057D78C22249E5C00B6D796 /* Debug */ = {
			isa = XCBuildConfiguration;
			baseConfigurationReference = 6D28723301E0CBF37666034A /* Pods-parstagramTests.debug.xcconfig */;
			buildSettings = {
				ALWAYS_EMBED_SWIFT_STANDARD_LIBRARIES = YES;
				BUNDLE_LOADER = "$(TEST_HOST)";
				CODE_SIGN_STYLE = Automatic;
				DEVELOPMENT_TEAM = UJ8X974936;
				INFOPLIST_FILE = parstagramTests/Info.plist;
				LD_RUNPATH_SEARCH_PATHS = (
					"$(inherited)",
					"@executable_path/Frameworks",
					"@loader_path/Frameworks",
				);
				PRODUCT_BUNDLE_IDENTIFIER = com.alexis.parstagramTests;
				PRODUCT_NAME = "$(TARGET_NAME)";
				SWIFT_VERSION = 4.2;
				TARGETED_DEVICE_FAMILY = "1,2";
				TEST_HOST = "$(BUILT_PRODUCTS_DIR)/parstagram.app/parstagram";
			};
			name = Debug;
		};
		A057D78D22249E5C00B6D796 /* Release */ = {
			isa = XCBuildConfiguration;
			baseConfigurationReference = C9E2947BDE365B65470EB57F /* Pods-parstagramTests.release.xcconfig */;
			buildSettings = {
				ALWAYS_EMBED_SWIFT_STANDARD_LIBRARIES = YES;
				BUNDLE_LOADER = "$(TEST_HOST)";
				CODE_SIGN_STYLE = Automatic;
				DEVELOPMENT_TEAM = UJ8X974936;
				INFOPLIST_FILE = parstagramTests/Info.plist;
				LD_RUNPATH_SEARCH_PATHS = (
					"$(inherited)",
					"@executable_path/Frameworks",
					"@loader_path/Frameworks",
				);
				PRODUCT_BUNDLE_IDENTIFIER = com.alexis.parstagramTests;
				PRODUCT_NAME = "$(TARGET_NAME)";
				SWIFT_VERSION = 4.2;
				TARGETED_DEVICE_FAMILY = "1,2";
				TEST_HOST = "$(BUILT_PRODUCTS_DIR)/parstagram.app/parstagram";
			};
			name = Release;
		};
		A057D78F22249E5C00B6D796 /* Debug */ = {
			isa = XCBuildConfiguration;
			baseConfigurationReference = E1536BFE590EC393783DB028 /* Pods-parstagramUITests.debug.xcconfig */;
			buildSettings = {
				ALWAYS_EMBED_SWIFT_STANDARD_LIBRARIES = YES;
				CODE_SIGN_STYLE = Automatic;
				DEVELOPMENT_TEAM = UJ8X974936;
				INFOPLIST_FILE = parstagramUITests/Info.plist;
				LD_RUNPATH_SEARCH_PATHS = (
					"$(inherited)",
					"@executable_path/Frameworks",
					"@loader_path/Frameworks",
				);
				PRODUCT_BUNDLE_IDENTIFIER = com.alexis.parstagramUITests;
				PRODUCT_NAME = "$(TARGET_NAME)";
				SWIFT_VERSION = 4.2;
				TARGETED_DEVICE_FAMILY = "1,2";
				TEST_TARGET_NAME = parstagram;
			};
			name = Debug;
		};
		A057D79022249E5C00B6D796 /* Release */ = {
			isa = XCBuildConfiguration;
			baseConfigurationReference = 194D112789CFA1CA262E44B9 /* Pods-parstagramUITests.release.xcconfig */;
			buildSettings = {
				ALWAYS_EMBED_SWIFT_STANDARD_LIBRARIES = YES;
				CODE_SIGN_STYLE = Automatic;
				DEVELOPMENT_TEAM = UJ8X974936;
				INFOPLIST_FILE = parstagramUITests/Info.plist;
				LD_RUNPATH_SEARCH_PATHS = (
					"$(inherited)",
					"@executable_path/Frameworks",
					"@loader_path/Frameworks",
				);
				PRODUCT_BUNDLE_IDENTIFIER = com.alexis.parstagramUITests;
				PRODUCT_NAME = "$(TARGET_NAME)";
				SWIFT_VERSION = 4.2;
				TARGETED_DEVICE_FAMILY = "1,2";
				TEST_TARGET_NAME = parstagram;
			};
			name = Release;
		};
/* End XCBuildConfiguration section */

/* Begin XCConfigurationList section */
		A057D75B22249E5700B6D796 /* Build configuration list for PBXProject "parstagram" */ = {
			isa = XCConfigurationList;
			buildConfigurations = (
				A057D78622249E5C00B6D796 /* Debug */,
				A057D78722249E5C00B6D796 /* Release */,
			);
			defaultConfigurationIsVisible = 0;
			defaultConfigurationName = Release;
		};
		A057D78822249E5C00B6D796 /* Build configuration list for PBXNativeTarget "parstagram" */ = {
			isa = XCConfigurationList;
			buildConfigurations = (
				A057D78922249E5C00B6D796 /* Debug */,
				A057D78A22249E5C00B6D796 /* Release */,
			);
			defaultConfigurationIsVisible = 0;
			defaultConfigurationName = Release;
		};
		A057D78B22249E5C00B6D796 /* Build configuration list for PBXNativeTarget "parstagramTests" */ = {
			isa = XCConfigurationList;
			buildConfigurations = (
				A057D78C22249E5C00B6D796 /* Debug */,
				A057D78D22249E5C00B6D796 /* Release */,
			);
			defaultConfigurationIsVisible = 0;
			defaultConfigurationName = Release;
		};
		A057D78E22249E5C00B6D796 /* Build configuration list for PBXNativeTarget "parstagramUITests" */ = {
			isa = XCConfigurationList;
			buildConfigurations = (
				A057D78F22249E5C00B6D796 /* Debug */,
				A057D79022249E5C00B6D796 /* Release */,
			);
			defaultConfigurationIsVisible = 0;
			defaultConfigurationName = Release;
		};
/* End XCConfigurationList section */
	};
	rootObject = A057D75822249E5700B6D796 /* Project object */;
}
